
﻿
Microsoft Visual Studio Solution File, Format Version 12.00
# Visual Studio 15
Project("{FAE04EC0-301F-11D3-BF4B-00C04F79EFBC}") = "UnityEngine.TestRunner", "UnityEngine.TestRunner.csproj", "{C4D63AA1-99DB-0527-1694-99CF117B5D7E}"
EndProject
Project("{FAE04EC0-301F-11D3-BF4B-00C04F79EFBC}") = "UnityEngine.UI", "UnityEngine.UI.csproj", "{D9958B69-46CB-BF64-5CDD-3DCF8B60E0FD}"
EndProject
Project("{FAE04EC0-301F-11D3-BF4B-00C04F79EFBC}") = "Unity.Mathematics", "Unity.Mathematics.csproj", "{EB9642A6-F066-1820-7166-1D7C32D35670}"
EndProject
Project("{FAE04EC0-301F-11D3-BF4B-00C04F79EFBC}") = "Unity.VisualScripting.State", "Unity.VisualScripting.State.csproj", "{AC775553-6C69-29FE-1A18-757286706287}"
EndProject
Project("{FAE04EC0-301F-11D3-BF4B-00C04F79EFBC}") = "Unity.VisualScripting.Core", "Unity.VisualScripting.Core.csproj", "{469E9EC4-AF9A-D421-7259-3B93FA937B5D}"
EndProject
Project("{FAE04EC0-301F-11D3-BF4B-00C04F79EFBC}") = "Unity.VisualScripting.Flow", "Unity.VisualScripting.Flow.csproj", "{69FEFF5E-1B1C-ADD6-31BC-A6C88ACD49C9}"
EndProject
Project("{FAE04EC0-301F-11D3-BF4B-00C04F79EFBC}") = "Unity.2D.Animation.Runtime", "Unity.2D.Animation.Runtime.csproj", "{5450ED02-4EAD-377F-17EA-EC3A168F3E28}"
EndProject
Project("{FAE04EC0-301F-11D3-BF4B-00C04F79EFBC}") = "Unity.TextMeshPro", "Unity.TextMeshPro.csproj", "{13B14518-BAC9-F7DC-7960-B92887721E21}"
EndProject
Project("{FAE04EC0-301F-11D3-BF4B-00C04F79EFBC}") = "Unity.Timeline", "Unity.Timeline.csproj", "{CF89E19C-5EA5-5907-795E-2C84FBC6E77B}"
EndProject
Project("{FAE04EC0-301F-11D3-BF4B-00C04F79EFBC}") = "Unity.2D.SpriteShape.Runtime", "Unity.2D.SpriteShape.Runtime.csproj", "{2DB6B8D5-A0E7-9733-2032-E4B4A09CB562}"
EndProject
Project("{FAE04EC0-301F-11D3-BF4B-00C04F79EFBC}") = "Unity.2D.Animation.Triangle.Runtime", "Unity.2D.Animation.Triangle.Runtime.csproj", "{176833E8-3D3F-B9EB-0700-995EE4D47FE3}"
EndProject
Project("{FAE04EC0-301F-11D3-BF4B-00C04F79EFBC}") = "Unity.2D.PixelPerfect", "Unity.2D.PixelPerfect.csproj", "{6114BCCF-8190-4502-C05D-8D27B246DE46}"
EndProject
Project("{FAE04EC0-301F-11D3-BF4B-00C04F79EFBC}") = "Unity.2D.IK.Runtime", "Unity.2D.IK.Runtime.csproj", "{0689F386-D141-3DA6-2880-41E6E945CE4C}"
EndProject
Project("{FAE04EC0-301F-11D3-BF4B-00C04F79EFBC}") = "Unity.2D.Tilemap.Extras", "Unity.2D.Tilemap.Extras.csproj", "{217FD6D0-3A6D-9B7D-753B-FB6C54A2F41F}"
EndProject
Project("{FAE04EC0-301F-11D3-BF4B-00C04F79EFBC}") = "Assembly-CSharp", "Assembly-CSharp.csproj", "{C6BDF780-4DE3-3B66-2FC7-8EF6359C436C}"
EndProject
Project("{FAE04EC0-301F-11D3-BF4B-00C04F79EFBC}") = "Unity.2D.Common.Runtime", "Unity.2D.Common.Runtime.csproj", "{A2EA6CF9-5392-AD56-D9ED-68EF2A19B079}"
EndProject
Project("{FAE04EC0-301F-11D3-BF4B-00C04F79EFBC}") = "Unity.InternalAPIEngineBridge.001", "Unity.InternalAPIEngineBridge.001.csproj", "{6B3E4FE4-9024-9321-CA75-E8FA8A6E87FB}"
EndProject
Project("{FAE04EC0-301F-11D3-BF4B-00C04F79EFBC}") = "Unity.PlasticSCM.Editor", "Unity.PlasticSCM.Editor.csproj", "{1C82151E-2AD2-D61D-CBE0-4FF6F03B6C12}"
EndProject
Project("{FAE04EC0-301F-11D3-BF4B-00C04F79EFBC}") = "Unity.VisualScripting.Core.Editor", "Unity.VisualScripting.Core.Editor.csproj", "{BE4CD512-28B5-6B47-531A-8AC2DF5A3FE5}"
EndProject
Project("{FAE04EC0-301F-11D3-BF4B-00C04F79EFBC}") = "Unity.VisualStudio.Editor", "Unity.VisualStudio.Editor.csproj", "{67FD3D65-4FFB-5C4A-0EA3-22A31FF3E1DE}"
EndProject
Project("{FAE04EC0-301F-11D3-BF4B-00C04F79EFBC}") = "Unity.Timeline.Editor", "Unity.Timeline.Editor.csproj", "{DC025B62-1BB6-A8AD-EB69-C9977F3F44FA}"
EndProject
Project("{FAE04EC0-301F-11D3-BF4B-00C04F79EFBC}") = "Unity.VisualScripting.State.Editor", "Unity.VisualScripting.State.Editor.csproj", "{0CEA26E8-0194-DD1B-6670-4646C2856E08}"
EndProject
Project("{FAE04EC0-301F-11D3-BF4B-00C04F79EFBC}") = "Unity.TextMeshPro.Editor", "Unity.TextMeshPro.Editor.csproj", "{98B3DA0C-7AC3-7BF2-2316-FCE5BF8AA1D1}"
EndProject
Project("{FAE04EC0-301F-11D3-BF4B-00C04F79EFBC}") = "Unity.2D.Animation.Editor", "Unity.2D.Animation.Editor.csproj", "{AB8C9215-54C9-13A8-F1CD-D7BA574F0E7B}"
EndProject
Project("{FAE04EC0-301F-11D3-BF4B-00C04F79EFBC}") = "VSSettingsProvider", "VSSettingsProvider.csproj", "{0D9026E8-2F11-C29F-B422-E60660C55647}"
EndProject
Project("{FAE04EC0-301F-11D3-BF4B-00C04F79EFBC}") = "Unity.CollabProxy.Editor", "Unity.CollabProxy.Editor.csproj", "{1104BDA0-416B-D51F-DA5E-960B1CBA264C}"
EndProject
Project("{FAE04EC0-301F-11D3-BF4B-00C04F79EFBC}") = "UnityEditor.TestRunner", "UnityEditor.TestRunner.csproj", "{ABEEB92C-05CE-B196-8DA1-03E07743DBC7}"
EndProject
Project("{FAE04EC0-301F-11D3-BF4B-00C04F79EFBC}") = "Unity.VisualScripting.Flow.Editor", "Unity.VisualScripting.Flow.Editor.csproj", "{A45E0C79-D1F5-2687-F870-BD14031D6D0E}"
EndProject
Project("{FAE04EC0-301F-11D3-BF4B-00C04F79EFBC}") = "Unity.Rider.Editor", "Unity.Rider.Editor.csproj", "{EFFF96BD-70B5-9F65-E811-73E840225275}"
EndProject
Project("{FAE04EC0-301F-11D3-BF4B-00C04F79EFBC}") = "Unity.2D.Path.Editor", "Unity.2D.Path.Editor.csproj", "{78A049E0-6C18-6DE9-49A4-36EDBA2A333E}"
EndProject
Project("{FAE04EC0-301F-11D3-BF4B-00C04F79EFBC}") = "PsdPlugin", "PsdPlugin.csproj", "{EA0401E0-46BE-D642-CC35-4032463D29BD}"
EndProject
Project("{FAE04EC0-301F-11D3-BF4B-00C04F79EFBC}") = "Unity.2D.IK.Editor", "Unity.2D.IK.Editor.csproj", "{9C398E55-5E50-40F2-CA92-6D39678BB83A}"
EndProject
Project("{FAE04EC0-301F-11D3-BF4B-00C04F79EFBC}") = "Unity.2D.Psdimporter.Editor", "Unity.2D.Psdimporter.Editor.csproj", "{FDBD9A4D-8985-B151-B0F9-A6ECDA5B6497}"
EndProject
Project("{FAE04EC0-301F-11D3-BF4B-00C04F79EFBC}") = "Unity.2D.SpriteShape.Editor", "Unity.2D.SpriteShape.Editor.csproj", "{933202DA-F4AD-66CF-EA24-AACA4A118948}"
EndProject
Project("{FAE04EC0-301F-11D3-BF4B-00C04F79EFBC}") = "Unity.2D.Tilemap.Editor", "Unity.2D.Tilemap.Editor.csproj", "{27538D70-B58E-6019-6EC2-5ACBF7344955}"
EndProject
Project("{FAE04EC0-301F-11D3-BF4B-00C04F79EFBC}") = "Unity.2D.PixelPerfect.Editor", "Unity.2D.PixelPerfect.Editor.csproj", "{2D4C0EB7-140F-5035-F125-4186FF49F136}"
EndProject
Project("{FAE04EC0-301F-11D3-BF4B-00C04F79EFBC}") = "Unity.VSCode.Editor", "Unity.VSCode.Editor.csproj", "{67920D18-5A82-A99D-523E-308631084379}"
EndProject
Project("{FAE04EC0-301F-11D3-BF4B-00C04F79EFBC}") = "Unity.2D.Sprite.Editor", "Unity.2D.Sprite.Editor.csproj", "{B40371CD-23AB-FC7F-19A4-34A2431C4DAF}"
EndProject
Project("{FAE04EC0-301F-11D3-BF4B-00C04F79EFBC}") = "UnityEditor.UI", "UnityEditor.UI.csproj", "{EA8C5FB2-1E29-2957-6326-00C9454AAC59}"
EndProject
Project("{FAE04EC0-301F-11D3-BF4B-00C04F79EFBC}") = "Unity.Mathematics.Editor", "Unity.Mathematics.Editor.csproj", "{E4D79D76-A849-F114-9BE3-CB72956B8924}"
EndProject
Project("{FAE04EC0-301F-11D3-BF4B-00C04F79EFBC}") = "Unity.2D.Common.Editor", "Unity.2D.Common.Editor.csproj", "{999C7F34-D110-5E0F-D3D6-6B32168E22FB}"
EndProject
Project("{FAE04EC0-301F-11D3-BF4B-00C04F79EFBC}") = "Unity.2D.Tilemap.Extras.Editor", "Unity.2D.Tilemap.Extras.Editor.csproj", "{E8D51232-C682-3B67-3C9C-F7648665EF82}"
EndProject
Project("{FAE04EC0-301F-11D3-BF4B-00C04F79EFBC}") = "Unity.InternalAPIEditorBridge.001", "Unity.InternalAPIEditorBridge.001.csproj", "{349A9888-59E7-CD90-B16A-885C360A14CE}"
EndProject
Global
	GlobalSection(SolutionConfigurationPlatforms) = preSolution
		Debug|Any CPU = Debug|Any CPU
		Release|Any CPU = Release|Any CPU
	EndGlobalSection
	GlobalSection(ProjectConfigurationPlatforms) = postSolution
		{C4D63AA1-99DB-0527-1694-99CF117B5D7E}.Debug|Any CPU.ActiveCfg = Debug|Any CPU
		{C4D63AA1-99DB-0527-1694-99CF117B5D7E}.Debug|Any CPU.Build.0 = Debug|Any CPU
		{C4D63AA1-99DB-0527-1694-99CF117B5D7E}.Release|Any CPU.ActiveCfg = Release|Any CPU
		{C4D63AA1-99DB-0527-1694-99CF117B5D7E}.Release|Any CPU.Build.0 = Release|Any CPU
		{D9958B69-46CB-BF64-5CDD-3DCF8B60E0FD}.Debug|Any CPU.ActiveCfg = Debug|Any CPU
		{D9958B69-46CB-BF64-5CDD-3DCF8B60E0FD}.Debug|Any CPU.Build.0 = Debug|Any CPU
		{D9958B69-46CB-BF64-5CDD-3DCF8B60E0FD}.Release|Any CPU.ActiveCfg = Release|Any CPU
		{D9958B69-46CB-BF64-5CDD-3DCF8B60E0FD}.Release|Any CPU.Build.0 = Release|Any CPU
		{EB9642A6-F066-1820-7166-1D7C32D35670}.Debug|Any CPU.ActiveCfg = Debug|Any CPU
		{EB9642A6-F066-1820-7166-1D7C32D35670}.Debug|Any CPU.Build.0 = Debug|Any CPU
		{EB9642A6-F066-1820-7166-1D7C32D35670}.Release|Any CPU.ActiveCfg = Release|Any CPU
		{EB9642A6-F066-1820-7166-1D7C32D35670}.Release|Any CPU.Build.0 = Release|Any CPU
		{AC775553-6C69-29FE-1A18-757286706287}.Debug|Any CPU.ActiveCfg = Debug|Any CPU
		{AC775553-6C69-29FE-1A18-757286706287}.Debug|Any CPU.Build.0 = Debug|Any CPU
		{AC775553-6C69-29FE-1A18-757286706287}.Release|Any CPU.ActiveCfg = Release|Any CPU
		{AC775553-6C69-29FE-1A18-757286706287}.Release|Any CPU.Build.0 = Release|Any CPU
		{469E9EC4-AF9A-D421-7259-3B93FA937B5D}.Debug|Any CPU.ActiveCfg = Debug|Any CPU
		{469E9EC4-AF9A-D421-7259-3B93FA937B5D}.Debug|Any CPU.Build.0 = Debug|Any CPU
		{469E9EC4-AF9A-D421-7259-3B93FA937B5D}.Release|Any CPU.ActiveCfg = Release|Any CPU
		{469E9EC4-AF9A-D421-7259-3B93FA937B5D}.Release|Any CPU.Build.0 = Release|Any CPU
		{69FEFF5E-1B1C-ADD6-31BC-A6C88ACD49C9}.Debug|Any CPU.ActiveCfg = Debug|Any CPU
		{69FEFF5E-1B1C-ADD6-31BC-A6C88ACD49C9}.Debug|Any CPU.Build.0 = Debug|Any CPU
		{69FEFF5E-1B1C-ADD6-31BC-A6C88ACD49C9}.Release|Any CPU.ActiveCfg = Release|Any CPU
		{69FEFF5E-1B1C-ADD6-31BC-A6C88ACD49C9}.Release|Any CPU.Build.0 = Release|Any CPU
		{5450ED02-4EAD-377F-17EA-EC3A168F3E28}.Debug|Any CPU.ActiveCfg = Debug|Any CPU
		{5450ED02-4EAD-377F-17EA-EC3A168F3E28}.Debug|Any CPU.Build.0 = Debug|Any CPU
		{5450ED02-4EAD-377F-17EA-EC3A168F3E28}.Release|Any CPU.ActiveCfg = Release|Any CPU
		{5450ED02-4EAD-377F-17EA-EC3A168F3E28}.Release|Any CPU.Build.0 = Release|Any CPU
		{13B14518-BAC9-F7DC-7960-B92887721E21}.Debug|Any CPU.ActiveCfg = Debug|Any CPU
		{13B14518-BAC9-F7DC-7960-B92887721E21}.Debug|Any CPU.Build.0 = Debug|Any CPU
		{13B14518-BAC9-F7DC-7960-B92887721E21}.Release|Any CPU.ActiveCfg = Release|Any CPU
		{13B14518-BAC9-F7DC-7960-B92887721E21}.Release|Any CPU.Build.0 = Release|Any CPU
		{CF89E19C-5EA5-5907-795E-2C84FBC6E77B}.Debug|Any CPU.ActiveCfg = Debug|Any CPU
		{CF89E19C-5EA5-5907-795E-2C84FBC6E77B}.Debug|Any CPU.Build.0 = Debug|Any CPU
		{CF89E19C-5EA5-5907-795E-2C84FBC6E77B}.Release|Any CPU.ActiveCfg = Release|Any CPU
		{CF89E19C-5EA5-5907-795E-2C84FBC6E77B}.Release|Any CPU.Build.0 = Release|Any CPU
		{2DB6B8D5-A0E7-9733-2032-E4B4A09CB562}.Debug|Any CPU.ActiveCfg = Debug|Any CPU
		{2DB6B8D5-A0E7-9733-2032-E4B4A09CB562}.Debug|Any CPU.Build.0 = Debug|Any CPU
		{2DB6B8D5-A0E7-9733-2032-E4B4A09CB562}.Release|Any CPU.ActiveCfg = Release|Any CPU
		{2DB6B8D5-A0E7-9733-2032-E4B4A09CB562}.Release|Any CPU.Build.0 = Release|Any CPU
		{176833E8-3D3F-B9EB-0700-995EE4D47FE3}.Debug|Any CPU.ActiveCfg = Debug|Any CPU
		{176833E8-3D3F-B9EB-0700-995EE4D47FE3}.Debug|Any CPU.Build.0 = Debug|Any CPU
		{176833E8-3D3F-B9EB-0700-995EE4D47FE3}.Release|Any CPU.ActiveCfg = Release|Any CPU
		{176833E8-3D3F-B9EB-0700-995EE4D47FE3}.Release|Any CPU.Build.0 = Release|Any CPU
		{6114BCCF-8190-4502-C05D-8D27B246DE46}.Debug|Any CPU.ActiveCfg = Debug|Any CPU
		{6114BCCF-8190-4502-C05D-8D27B246DE46}.Debug|Any CPU.Build.0 = Debug|Any CPU
		{6114BCCF-8190-4502-C05D-8D27B246DE46}.Release|Any CPU.ActiveCfg = Release|Any CPU
		{6114BCCF-8190-4502-C05D-8D27B246DE46}.Release|Any CPU.Build.0 = Release|Any CPU
		{0689F386-D141-3DA6-2880-41E6E945CE4C}.Debug|Any CPU.ActiveCfg = Debug|Any CPU
		{0689F386-D141-3DA6-2880-41E6E945CE4C}.Debug|Any CPU.Build.0 = Debug|Any CPU
		{0689F386-D141-3DA6-2880-41E6E945CE4C}.Release|Any CPU.ActiveCfg = Release|Any CPU
		{0689F386-D141-3DA6-2880-41E6E945CE4C}.Release|Any CPU.Build.0 = Release|Any CPU
		{217FD6D0-3A6D-9B7D-753B-FB6C54A2F41F}.Debug|Any CPU.ActiveCfg = Debug|Any CPU
		{217FD6D0-3A6D-9B7D-753B-FB6C54A2F41F}.Debug|Any CPU.Build.0 = Debug|Any CPU
		{217FD6D0-3A6D-9B7D-753B-FB6C54A2F41F}.Release|Any CPU.ActiveCfg = Release|Any CPU
		{217FD6D0-3A6D-9B7D-753B-FB6C54A2F41F}.Release|Any CPU.Build.0 = Release|Any CPU
		{C6BDF780-4DE3-3B66-2FC7-8EF6359C436C}.Debug|Any CPU.ActiveCfg = Debug|Any CPU
		{C6BDF780-4DE3-3B66-2FC7-8EF6359C436C}.Debug|Any CPU.Build.0 = Debug|Any CPU
		{C6BDF780-4DE3-3B66-2FC7-8EF6359C436C}.Release|Any CPU.ActiveCfg = Release|Any CPU
		{C6BDF780-4DE3-3B66-2FC7-8EF6359C436C}.Release|Any CPU.Build.0 = Release|Any CPU
		{A2EA6CF9-5392-AD56-D9ED-68EF2A19B079}.Debug|Any CPU.ActiveCfg = Debug|Any CPU
		{A2EA6CF9-5392-AD56-D9ED-68EF2A19B079}.Debug|Any CPU.Build.0 = Debug|Any CPU
		{A2EA6CF9-5392-AD56-D9ED-68EF2A19B079}.Release|Any CPU.ActiveCfg = Release|Any CPU
		{A2EA6CF9-5392-AD56-D9ED-68EF2A19B079}.Release|Any CPU.Build.0 = Release|Any CPU
		{6B3E4FE4-9024-9321-CA75-E8FA8A6E87FB}.Debug|Any CPU.ActiveCfg = Debug|Any CPU
		{6B3E4FE4-9024-9321-CA75-E8FA8A6E87FB}.Debug|Any CPU.Build.0 = Debug|Any CPU
		{6B3E4FE4-9024-9321-CA75-E8FA8A6E87FB}.Release|Any CPU.ActiveCfg = Release|Any CPU
		{6B3E4FE4-9024-9321-CA75-E8FA8A6E87FB}.Release|Any CPU.Build.0 = Release|Any CPU
		{1C82151E-2AD2-D61D-CBE0-4FF6F03B6C12}.Debug|Any CPU.ActiveCfg = Debug|Any CPU
		{1C82151E-2AD2-D61D-CBE0-4FF6F03B6C12}.Debug|Any CPU.Build.0 = Debug|Any CPU
		{1C82151E-2AD2-D61D-CBE0-4FF6F03B6C12}.Release|Any CPU.ActiveCfg = Release|Any CPU
		{1C82151E-2AD2-D61D-CBE0-4FF6F03B6C12}.Release|Any CPU.Build.0 = Release|Any CPU
		{BE4CD512-28B5-6B47-531A-8AC2DF5A3FE5}.Debug|Any CPU.ActiveCfg = Debug|Any CPU
		{BE4CD512-28B5-6B47-531A-8AC2DF5A3FE5}.Debug|Any CPU.Build.0 = Debug|Any CPU
		{BE4CD512-28B5-6B47-531A-8AC2DF5A3FE5}.Release|Any CPU.ActiveCfg = Release|Any CPU
		{BE4CD512-28B5-6B47-531A-8AC2DF5A3FE5}.Release|Any CPU.Build.0 = Release|Any CPU
		{67FD3D65-4FFB-5C4A-0EA3-22A31FF3E1DE}.Debug|Any CPU.ActiveCfg = Debug|Any CPU
		{67FD3D65-4FFB-5C4A-0EA3-22A31FF3E1DE}.Debug|Any CPU.Build.0 = Debug|Any CPU
		{67FD3D65-4FFB-5C4A-0EA3-22A31FF3E1DE}.Release|Any CPU.ActiveCfg = Release|Any CPU
		{67FD3D65-4FFB-5C4A-0EA3-22A31FF3E1DE}.Release|Any CPU.Build.0 = Release|Any CPU
		{DC025B62-1BB6-A8AD-EB69-C9977F3F44FA}.Debug|Any CPU.ActiveCfg = Debug|Any CPU
		{DC025B62-1BB6-A8AD-EB69-C9977F3F44FA}.Debug|Any CPU.Build.0 = Debug|Any CPU
		{DC025B62-1BB6-A8AD-EB69-C9977F3F44FA}.Release|Any CPU.ActiveCfg = Release|Any CPU
		{DC025B62-1BB6-A8AD-EB69-C9977F3F44FA}.Release|Any CPU.Build.0 = Release|Any CPU
		{0CEA26E8-0194-DD1B-6670-4646C2856E08}.Debug|Any CPU.ActiveCfg = Debug|Any CPU
		{0CEA26E8-0194-DD1B-6670-4646C2856E08}.Debug|Any CPU.Build.0 = Debug|Any CPU
		{0CEA26E8-0194-DD1B-6670-4646C2856E08}.Release|Any CPU.ActiveCfg = Release|Any CPU
		{0CEA26E8-0194-DD1B-6670-4646C2856E08}.Release|Any CPU.Build.0 = Release|Any CPU
		{98B3DA0C-7AC3-7BF2-2316-FCE5BF8AA1D1}.Debug|Any CPU.ActiveCfg = Debug|Any CPU
		{98B3DA0C-7AC3-7BF2-2316-FCE5BF8AA1D1}.Debug|Any CPU.Build.0 = Debug|Any CPU
		{98B3DA0C-7AC3-7BF2-2316-FCE5BF8AA1D1}.Release|Any CPU.ActiveCfg = Release|Any CPU
		{98B3DA0C-7AC3-7BF2-2316-FCE5BF8AA1D1}.Release|Any CPU.Build.0 = Release|Any CPU
		{AB8C9215-54C9-13A8-F1CD-D7BA574F0E7B}.Debug|Any CPU.ActiveCfg = Debug|Any CPU
		{AB8C9215-54C9-13A8-F1CD-D7BA574F0E7B}.Debug|Any CPU.Build.0 = Debug|Any CPU
		{AB8C9215-54C9-13A8-F1CD-D7BA574F0E7B}.Release|Any CPU.ActiveCfg = Release|Any CPU
		{AB8C9215-54C9-13A8-F1CD-D7BA574F0E7B}.Release|Any CPU.Build.0 = Release|Any CPU
		{0D9026E8-2F11-C29F-B422-E60660C55647}.Debug|Any CPU.ActiveCfg = Debug|Any CPU
		{0D9026E8-2F11-C29F-B422-E60660C55647}.Debug|Any CPU.Build.0 = Debug|Any CPU
		{0D9026E8-2F11-C29F-B422-E60660C55647}.Release|Any CPU.ActiveCfg = Release|Any CPU
		{0D9026E8-2F11-C29F-B422-E60660C55647}.Release|Any CPU.Build.0 = Release|Any CPU
		{1104BDA0-416B-D51F-DA5E-960B1CBA264C}.Debug|Any CPU.ActiveCfg = Debug|Any CPU
		{1104BDA0-416B-D51F-DA5E-960B1CBA264C}.Debug|Any CPU.Build.0 = Debug|Any CPU
		{1104BDA0-416B-D51F-DA5E-960B1CBA264C}.Release|Any CPU.ActiveCfg = Release|Any CPU
		{1104BDA0-416B-D51F-DA5E-960B1CBA264C}.Release|Any CPU.Build.0 = Release|Any CPU
		{ABEEB92C-05CE-B196-8DA1-03E07743DBC7}.Debug|Any CPU.ActiveCfg = Debug|Any CPU
		{ABEEB92C-05CE-B196-8DA1-03E07743DBC7}.Debug|Any CPU.Build.0 = Debug|Any CPU
		{ABEEB92C-05CE-B196-8DA1-03E07743DBC7}.Release|Any CPU.ActiveCfg = Release|Any CPU
		{ABEEB92C-05CE-B196-8DA1-03E07743DBC7}.Release|Any CPU.Build.0 = Release|Any CPU
		{A45E0C79-D1F5-2687-F870-BD14031D6D0E}.Debug|Any CPU.ActiveCfg = Debug|Any CPU
		{A45E0C79-D1F5-2687-F870-BD14031D6D0E}.Debug|Any CPU.Build.0 = Debug|Any CPU
		{A45E0C79-D1F5-2687-F870-BD14031D6D0E}.Release|Any CPU.ActiveCfg = Release|Any CPU
		{A45E0C79-D1F5-2687-F870-BD14031D6D0E}.Release|Any CPU.Build.0 = Release|Any CPU
		{EFFF96BD-70B5-9F65-E811-73E840225275}.Debug|Any CPU.ActiveCfg = Debug|Any CPU
		{EFFF96BD-70B5-9F65-E811-73E840225275}.Debug|Any CPU.Build.0 = Debug|Any CPU
		{EFFF96BD-70B5-9F65-E811-73E840225275}.Release|Any CPU.ActiveCfg = Release|Any CPU
		{EFFF96BD-70B5-9F65-E811-73E840225275}.Release|Any CPU.Build.0 = Release|Any CPU
		{78A049E0-6C18-6DE9-49A4-36EDBA2A333E}.Debug|Any CPU.ActiveCfg = Debug|Any CPU
		{78A049E0-6C18-6DE9-49A4-36EDBA2A333E}.Debug|Any CPU.Build.0 = Debug|Any CPU
		{78A049E0-6C18-6DE9-49A4-36EDBA2A333E}.Release|Any CPU.ActiveCfg = Release|Any CPU
		{78A049E0-6C18-6DE9-49A4-36EDBA2A333E}.Release|Any CPU.Build.0 = Release|Any CPU
		{EA0401E0-46BE-D642-CC35-4032463D29BD}.Debug|Any CPU.ActiveCfg = Debug|Any CPU
		{EA0401E0-46BE-D642-CC35-4032463D29BD}.Debug|Any CPU.Build.0 = Debug|Any CPU
		{EA0401E0-46BE-D642-CC35-4032463D29BD}.Release|Any CPU.ActiveCfg = Release|Any CPU
		{EA0401E0-46BE-D642-CC35-4032463D29BD}.Release|Any CPU.Build.0 = Release|Any CPU
		{9C398E55-5E50-40F2-CA92-6D39678BB83A}.Debug|Any CPU.ActiveCfg = Debug|Any CPU
		{9C398E55-5E50-40F2-CA92-6D39678BB83A}.Debug|Any CPU.Build.0 = Debug|Any CPU
		{9C398E55-5E50-40F2-CA92-6D39678BB83A}.Release|Any CPU.ActiveCfg = Release|Any CPU
		{9C398E55-5E50-40F2-CA92-6D39678BB83A}.Release|Any CPU.Build.0 = Release|Any CPU
		{FDBD9A4D-8985-B151-B0F9-A6ECDA5B6497}.Debug|Any CPU.ActiveCfg = Debug|Any CPU
		{FDBD9A4D-8985-B151-B0F9-A6ECDA5B6497}.Debug|Any CPU.Build.0 = Debug|Any CPU
		{FDBD9A4D-8985-B151-B0F9-A6ECDA5B6497}.Release|Any CPU.ActiveCfg = Release|Any CPU
		{FDBD9A4D-8985-B151-B0F9-A6ECDA5B6497}.Release|Any CPU.Build.0 = Release|Any CPU
		{933202DA-F4AD-66CF-EA24-AACA4A118948}.Debug|Any CPU.ActiveCfg = Debug|Any CPU
		{933202DA-F4AD-66CF-EA24-AACA4A118948}.Debug|Any CPU.Build.0 = Debug|Any CPU
		{933202DA-F4AD-66CF-EA24-AACA4A118948}.Release|Any CPU.ActiveCfg = Release|Any CPU
		{933202DA-F4AD-66CF-EA24-AACA4A118948}.Release|Any CPU.Build.0 = Release|Any CPU
		{27538D70-B58E-6019-6EC2-5ACBF7344955}.Debug|Any CPU.ActiveCfg = Debug|Any CPU
		{27538D70-B58E-6019-6EC2-5ACBF7344955}.Debug|Any CPU.Build.0 = Debug|Any CPU
		{27538D70-B58E-6019-6EC2-5ACBF7344955}.Release|Any CPU.ActiveCfg = Release|Any CPU
		{27538D70-B58E-6019-6EC2-5ACBF7344955}.Release|Any CPU.Build.0 = Release|Any CPU
		{2D4C0EB7-140F-5035-F125-4186FF49F136}.Debug|Any CPU.ActiveCfg = Debug|Any CPU
		{2D4C0EB7-140F-5035-F125-4186FF49F136}.Debug|Any CPU.Build.0 = Debug|Any CPU
		{2D4C0EB7-140F-5035-F125-4186FF49F136}.Release|Any CPU.ActiveCfg = Release|Any CPU
		{2D4C0EB7-140F-5035-F125-4186FF49F136}.Release|Any CPU.Build.0 = Release|Any CPU
		{67920D18-5A82-A99D-523E-308631084379}.Debug|Any CPU.ActiveCfg = Debug|Any CPU
		{67920D18-5A82-A99D-523E-308631084379}.Debug|Any CPU.Build.0 = Debug|Any CPU
		{67920D18-5A82-A99D-523E-308631084379}.Release|Any CPU.ActiveCfg = Release|Any CPU
		{67920D18-5A82-A99D-523E-308631084379}.Release|Any CPU.Build.0 = Release|Any CPU
		{B40371CD-23AB-FC7F-19A4-34A2431C4DAF}.Debug|Any CPU.ActiveCfg = Debug|Any CPU
		{B40371CD-23AB-FC7F-19A4-34A2431C4DAF}.Debug|Any CPU.Build.0 = Debug|Any CPU
		{B40371CD-23AB-FC7F-19A4-34A2431C4DAF}.Release|Any CPU.ActiveCfg = Release|Any CPU
		{B40371CD-23AB-FC7F-19A4-34A2431C4DAF}.Release|Any CPU.Build.0 = Release|Any CPU
		{EA8C5FB2-1E29-2957-6326-00C9454AAC59}.Debug|Any CPU.ActiveCfg = Debug|Any CPU
		{EA8C5FB2-1E29-2957-6326-00C9454AAC59}.Debug|Any CPU.Build.0 = Debug|Any CPU
		{EA8C5FB2-1E29-2957-6326-00C9454AAC59}.Release|Any CPU.ActiveCfg = Release|Any CPU
		{EA8C5FB2-1E29-2957-6326-00C9454AAC59}.Release|Any CPU.Build.0 = Release|Any CPU
		{E4D79D76-A849-F114-9BE3-CB72956B8924}.Debug|Any CPU.ActiveCfg = Debug|Any CPU
		{E4D79D76-A849-F114-9BE3-CB72956B8924}.Debug|Any CPU.Build.0 = Debug|Any CPU
		{E4D79D76-A849-F114-9BE3-CB72956B8924}.Release|Any CPU.ActiveCfg = Release|Any CPU
		{E4D79D76-A849-F114-9BE3-CB72956B8924}.Release|Any CPU.Build.0 = Release|Any CPU
		{999C7F34-D110-5E0F-D3D6-6B32168E22FB}.Debug|Any CPU.ActiveCfg = Debug|Any CPU
		{999C7F34-D110-5E0F-D3D6-6B32168E22FB}.Debug|Any CPU.Build.0 = Debug|Any CPU
		{999C7F34-D110-5E0F-D3D6-6B32168E22FB}.Release|Any CPU.ActiveCfg = Release|Any CPU
		{999C7F34-D110-5E0F-D3D6-6B32168E22FB}.Release|Any CPU.Build.0 = Release|Any CPU
		{E8D51232-C682-3B67-3C9C-F7648665EF82}.Debug|Any CPU.ActiveCfg = Debug|Any CPU
		{E8D51232-C682-3B67-3C9C-F7648665EF82}.Debug|Any CPU.Build.0 = Debug|Any CPU
		{E8D51232-C682-3B67-3C9C-F7648665EF82}.Release|Any CPU.ActiveCfg = Release|Any CPU
		{E8D51232-C682-3B67-3C9C-F7648665EF82}.Release|Any CPU.Build.0 = Release|Any CPU
		{349A9888-59E7-CD90-B16A-885C360A14CE}.Debug|Any CPU.ActiveCfg = Debug|Any CPU
		{349A9888-59E7-CD90-B16A-885C360A14CE}.Debug|Any CPU.Build.0 = Debug|Any CPU
		{349A9888-59E7-CD90-B16A-885C360A14CE}.Release|Any CPU.ActiveCfg = Release|Any CPU
		{349A9888-59E7-CD90-B16A-885C360A14CE}.Release|Any CPU.Build.0 = Release|Any CPU
	EndGlobalSection
	GlobalSection(SolutionProperties) = preSolution
		HideSolutionNode = FALSE
	EndGlobalSection
EndGlobal
